lockfileVersion: 5.4

specifiers:
  '@pnpm/exec': ^2.0.0
  '@types/fs-extra': ^11.0.0
  '@types/gh-pages': ^3.2.1
  '@types/node': ^18.11.18
  fs-extra: ^11.1.0
  gh-pages: ^5.0.0
  minify: ^9.1.0
  prettier: ^2.8.1
  rimraf: ^4.0.0
  sass: ^1.57.1
  simple-git: ^3.15.1
  tsparticles: ^2.8.0
  tsparticles-editor: ^2.8.0
  tsparticles-engine: ^2.8.0
  tsparticles-preset-links: ^2.8.0
  typedoc: ^0.23.24
  typedoc-plugin-carbon-ads: ^1.1.6
  typedoc-plugin-clarity: ^1.1.0
  typedoc-plugin-coverage: ^2.0.0
  typedoc-plugin-keyword: ^1.1.0
  typedoc-plugin-missing-exports: ^1.0.0
  typescript: ^5.0.0

dependencies:
  '@pnpm/exec': 2.0.0
  '@types/fs-extra': 11.0.0
  '@types/gh-pages': 3.2.1
  '@types/node': 18.11.18
  fs-extra: 11.1.0
  gh-pages: 5.0.0
  minify: 9.1.0
  prettier: 2.8.2
  rimraf: 4.0.4
  sass: 1.57.1
  simple-git: 3.15.1
  tsparticles: 2.8.0
  tsparticles-editor: 2.8.0
  tsparticles-engine: 2.8.0
  tsparticles-preset-links: 2.8.0
  typedoc: 0.23.24_typescript@5.0.2
  typedoc-plugin-carbon-ads: 1.1.6_typedoc@0.23.24
  typedoc-plugin-clarity: 1.1.0_typedoc@0.23.24
  typedoc-plugin-coverage: 2.0.0_typedoc@0.23.24
  typedoc-plugin-keyword: 1.1.0_typedoc@0.23.24
  typedoc-plugin-missing-exports: 1.0.0_typedoc@0.23.24
  typescript: 5.0.2

packages:

  /@jridgewell/gen-mapping/0.3.2:
    resolution: {integrity: sha512-mh65xKQAzI6iBcFzwv28KVWSmCkdRBWoOh+bYQGW3+6OZvbbN3TqMGo5hqYxQniRcH9F2VZIoJCm4pa3BPDK/A==}
    engines: {node: '>=6.0.0'}
    dependencies:
      '@jridgewell/set-array': 1.1.2
      '@jridgewell/sourcemap-codec': 1.4.14
      '@jridgewell/trace-mapping': 0.3.17
    dev: false

  /@jridgewell/resolve-uri/3.1.0:
    resolution: {integrity: sha512-F2msla3tad+Mfht5cJq7LSXcdudKTWCVYUgw6pLFOOHSTtZlj6SWNYAp+AhuqLmWdBO2X5hPrLcu8cVP8fy28w==}
    engines: {node: '>=6.0.0'}
    dev: false

  /@jridgewell/set-array/1.1.2:
    resolution: {integrity: sha512-xnkseuNADM0gt2bs+BvhO0p78Mk762YnZdsuzFV018NoG1Sj1SCQvpSqa7XUaTam5vAGasABV9qXASMKnFMwMw==}
    engines: {node: '>=6.0.0'}
    dev: false

  /@jridgewell/source-map/0.3.2:
    resolution: {integrity: sha512-m7O9o2uR8k2ObDysZYzdfhb08VuEml5oWGiosa1VdaPZ/A6QyPkAJuwN0Q1lhULOf6B7MtQmHENS743hWtCrgw==}
    dependencies:
      '@jridgewell/gen-mapping': 0.3.2
      '@jridgewell/trace-mapping': 0.3.17
    dev: false

  /@jridgewell/sourcemap-codec/1.4.14:
    resolution: {integrity: sha512-XPSJHWmi394fuUuzDnGz1wiKqWfo1yXecHQMRf2l6hztTO+nPru658AyDngaBe7isIxEkRsPR3FZh+s7iVa4Uw==}
    dev: false

  /@jridgewell/trace-mapping/0.3.17:
    resolution: {integrity: sha512-MCNzAp77qzKca9+W/+I0+sEpaUnZoeasnghNeVc41VZCEKaCH73Vq3BZZ/SzWIgrqE4H4ceI+p+b6C0mHf9T4g==}
    dependencies:
      '@jridgewell/resolve-uri': 3.1.0
      '@jridgewell/sourcemap-codec': 1.4.14
    dev: false

  /@kwsites/file-exists/1.1.1:
    resolution: {integrity: sha512-m9/5YGR18lIwxSFDwfE3oA7bWuq9kdau6ugN4H2rJeyhFQZcG9AgSHkQtSD15a8WvTgfz9aikZMrKPHvbpqFiw==}
    dependencies:
      debug: 4.3.4
    transitivePeerDependencies:
      - supports-color
    dev: false

  /@kwsites/promise-deferred/1.1.1:
    resolution: {integrity: sha512-GaHYm+c0O9MjZRu0ongGBRbinu8gVAMd2UZjji6jVmqKtZluZnptXGWhz1E8j8D2HJ3f/yMxKAUC0b+57wncIw==}
    dev: false

  /@pnpm/exec/2.0.0:
    resolution: {integrity: sha512-b5ALfWEOFQprWKntN7MF8XWCyslBk2c8u20GEDcDDQOs6c0HyHlWxX5lig8riQKdS000U6YyS4L4b32NOleXAQ==}
    engines: {node: '>=10'}
    dependencies:
      '@pnpm/self-installer': 2.2.1
      command-exists: 1.2.9
      cross-spawn: 7.0.3
    dev: false

  /@pnpm/self-installer/2.2.1:
    resolution: {integrity: sha512-aefLe96wAWghkx6q1PwbVS1Iz1iGE+HKwkTmtzWLFXeGhbknaIdG2voMwaBGIYGCSxm8sDKR1uLO4aRRAYuc+Q==}
    engines: {node: '>=4'}
    hasBin: true
    dev: false

  /@types/fs-extra/11.0.0:
    resolution: {integrity: sha512-zdV5odfHf95B4qr6bdpshG4VMm/3xgnPhSJLa3xh75CYr35e34k+4FQli82Q48sPqwHazJGy+6+jl4T+Vw1AMg==}
    dependencies:
      '@types/jsonfile': 6.1.1
      '@types/node': 18.11.18
    dev: false

  /@types/gh-pages/3.2.1:
    resolution: {integrity: sha512-y5ULkwfoOEUa6sp2te+iEODv2S//DRiKmxpeXboXhhv+s758rSSxLUiBd6NnlR7aAY4nw1X4FGovLrSWEXWLow==}
    dev: false

  /@types/jsonfile/6.1.1:
    resolution: {integrity: sha512-GSgiRCVeapDN+3pqA35IkQwasaCh/0YFH5dEF6S88iDvEn901DjOeH3/QPY+XYP1DFzDZPvIvfeEgk+7br5png==}
    dependencies:
      '@types/node': 18.11.18
    dev: false

  /@types/node/18.11.18:
    resolution: {integrity: sha512-DHQpWGjyQKSHj3ebjFI/wRKcqQcdR+MoFBygntYOZytCqNfkd2ZC4ARDJ2DQqhjH5p85Nnd3jhUJIXrszFX/JA==}
    dev: false

  /acorn/8.8.1:
    resolution: {integrity: sha512-7zFpHzhnqYKrkYdUjF1HI1bzd0VygEGX8lFk4k5zVMqHEoES+P+7TKI+EvLO9WVMJ8eekdO0aDEK044xTXwPPA==}
    engines: {node: '>=0.4.0'}
    hasBin: true
    dev: false

  /anymatch/3.1.3:
    resolution: {integrity: sha512-KMReFUr0B4t+D+OBkjR3KYqvocp2XaSzO55UcB6mgQMd3KbcE+mWTyvVV7D/zsdEbNnV6acZUutkiHQXvTr1Rw==}
    engines: {node: '>= 8'}
    dependencies:
      normalize-path: 3.0.0
      picomatch: 2.3.1
    dev: false

  /array-union/1.0.2:
    resolution: {integrity: sha512-Dxr6QJj/RdU/hCaBjOfxW+q6lyuVE6JFWIrAUpuOOhoJJoQ99cUn3igRaHVB5P9WrgFVN0FfArM3x0cueOU8ng==}
    engines: {node: '>=0.10.0'}
    dependencies:
      array-uniq: 1.0.3
    dev: false

  /array-uniq/1.0.3:
    resolution: {integrity: sha512-MNha4BWQ6JbwhFhj03YK552f7cb3AzoE8SzeljgChvL1dl3IcvggXVz1DilzySZkCja+CXuZbdW7yATchWn8/Q==}
    engines: {node: '>=0.10.0'}
    dev: false

  /async/3.2.4:
    resolution: {integrity: sha512-iAB+JbDEGXhyIUavoDl9WP/Jj106Kz9DEn1DPgYw5ruDn0e3Wgi3sKFm55sASdGBNOQB8F59d9qQ7deqrHA8wQ==}
    dev: false

  /balanced-match/1.0.2:
    resolution: {integrity: sha512-3oSeUO0TMV67hN1AmbXsK4yaqU7tjiHlbxRDZOpH0KW9+CeX4bRAaX0Anxt0tx2MrpRpWwQaPwIlISEJhYU5Pw==}
    dev: false

  /binary-extensions/2.2.0:
    resolution: {integrity: sha512-jDctJ/IVQbZoJykoeHbhXpOlNBqGNcwXJKJog42E5HDPUwQTSdjCHdihjj0DlnheQ7blbT6dHOafNAiS8ooQKA==}
    engines: {node: '>=8'}
    dev: false

  /brace-expansion/1.1.11:
    resolution: {integrity: sha512-iCuPHDFgrHX7H2vEI/5xpz07zSHB00TpugqhmYtVmMO6518mCuRMoOYFldEBl0g187ufozdaHgWKcYFb61qGiA==}
    dependencies:
      balanced-match: 1.0.2
      concat-map: 0.0.1
    dev: false

  /brace-expansion/2.0.1:
    resolution: {integrity: sha512-XnAIvQ8eM+kC6aULx6wuQiwVsnzsi9d3WxzV3FpWTGA19F621kwdbsAcFKXgKUHZWsy+mY6iL1sHTxWEFCytDA==}
    dependencies:
      balanced-match: 1.0.2
    dev: false

  /braces/3.0.2:
    resolution: {integrity: sha512-b8um+L1RzM3WDSzvhm6gIz1yfTbBt6YTlcEKAvsmqCZZFw46z626lVj9j1yEPW33H5H+lBQpZMP1k8l+78Ha0A==}
    engines: {node: '>=8'}
    dependencies:
      fill-range: 7.0.1
    dev: false

  /buffer-from/1.1.2:
    resolution: {integrity: sha512-E+XQCRwSbaaiChtv6k6Dwgc+bx+Bs6vuKJHHl5kox/BaKbhiXzqQOwK4cO22yElGp2OCmjwVhT3HmxgyPGnJfQ==}
    dev: false

  /camel-case/4.1.2:
    resolution: {integrity: sha512-gxGWBrTT1JuMx6R+o5PTXMmUnhnVzLQ9SNutD4YqKtI6ap897t3tKECYla6gCWEkplXnlNybEkZg9GEGxKFCgw==}
    dependencies:
      pascal-case: 3.1.2
      tslib: 2.4.1
    dev: false

  /chokidar/3.5.3:
    resolution: {integrity: sha512-Dr3sfKRP6oTcjf2JmUmFJfeVMvXBdegxB0iVQ5eb2V10uFJUCAS8OByZdVAyVb8xXNz3GjjTgj9kLWsZTqE6kw==}
    engines: {node: '>= 8.10.0'}
    dependencies:
      anymatch: 3.1.3
      braces: 3.0.2
      glob-parent: 5.1.2
      is-binary-path: 2.1.0
      is-glob: 4.0.3
      normalize-path: 3.0.0
      readdirp: 3.6.0
    optionalDependencies:
      fsevents: 2.3.2
    dev: false

  /clean-css/5.2.0:
    resolution: {integrity: sha512-2639sWGa43EMmG7fn8mdVuBSs6HuWaSor+ZPoFWzenBc6oN+td8YhTfghWXZ25G1NiiSvz8bOFBS7PdSbTiqEA==}
    engines: {node: '>= 10.0'}
    dependencies:
      source-map: 0.6.1
    dev: false

  /clean-css/5.3.1:
    resolution: {integrity: sha512-lCr8OHhiWCTw4v8POJovCoh4T7I9U11yVsPjMWWnnMmp9ZowCxyad1Pathle/9HjaDp+fdQKjO9fQydE6RHTZg==}
    engines: {node: '>= 10.0'}
    dependencies:
      source-map: 0.6.1
    dev: false

  /command-exists/1.2.9:
    resolution: {integrity: sha512-LTQ/SGc+s0Xc0Fu5WaKnR0YiygZkm9eKFvyS+fRsU7/ZWFF8ykFM6Pc9aCVf1+xasOOZpO3BAVgVrKvsqKHV7w==}
    dev: false

  /commander/2.20.3:
    resolution: {integrity: sha512-GpVkmM8vF2vQUkj2LvZmD35JxeJOLCwJ9cUkugyk2nuhbv3+mJvpLYYt+0+USMxE+oj+ey/lJEnhZw75x/OMcQ==}
    dev: false

  /commander/9.5.0:
    resolution: {integrity: sha512-KRs7WVDKg86PWiuAqhDrAQnTXZKraVcCc6vFdL14qrZ/DcWwuRo7VoiYXalXO7S5GKpqYiVEwCbgFDfxNHKJBQ==}
    engines: {node: ^12.20.0 || >=14}
    dev: false

  /commondir/1.0.1:
    resolution: {integrity: sha512-W9pAhw0ja1Edb5GVdIF1mjZw/ASI0AlShXM83UUGe2DVr5TdAPEA1OA8m/g8zWp9x6On7gqufY+FatDbC3MDQg==}
    dev: false

  /concat-map/0.0.1:
    resolution: {integrity: sha512-/Srv4dswyQNBfohGpz9o6Yb3Gz3SrUDqBH5rTuhGR7ahtlbYKnVxw2bCFMRljaA7EXHaXZ8wsHdodFvbkhKmqg==}
    dev: false

  /cross-spawn/7.0.3:
    resolution: {integrity: sha512-iRDPJKUPVEND7dHPO8rkbOnPpyDygcDFtWjpeWNCgy8WP2rXcxXL8TskReQl6OrB2G7+UJrags1q15Fudc7G6w==}
    engines: {node: '>= 8'}
    dependencies:
      path-key: 3.1.1
      shebang-command: 2.0.0
      which: 2.0.2
    dev: false

  /css-b64-images/0.2.5:
    resolution: {integrity: sha512-TgQBEdP07adhrDfXvI5o6bHGukKBNMzp2Ngckc/6d09zpjD2gc1Hl3Ca1CKgb8FXjHi88+Phv2Uegs2kTL4zjg==}
    hasBin: true
    dev: false

  /debug/4.3.4:
    resolution: {integrity: sha512-PRWFHuSU3eDtQJPvnNY7Jcket1j0t5OuOsFzPPzsekD52Zl8qUfFIPEiswXqIvHWGVHOgX+7G/vCNNhehwxfkQ==}
    engines: {node: '>=6.0'}
    peerDependencies:
      supports-color: '*'
    peerDependenciesMeta:
      supports-color:
        optional: true
    dependencies:
      ms: 2.1.2
    dev: false

  /dot-case/3.0.4:
    resolution: {integrity: sha512-Kv5nKlh6yRrdrGvxeJ2e5y2eRUpkUosIW4A2AS38zwSz27zu7ufDwQPi5Jhs3XAlGNetl3bmnGhQsMtkKJnj3w==}
    dependencies:
      no-case: 3.0.4
      tslib: 2.4.1
    dev: false

  /email-addresses/5.0.0:
    resolution: {integrity: sha512-4OIPYlA6JXqtVn8zpHpGiI7vE6EQOAg16aGnDMIAlZVinnoZ8208tW1hAbjWydgN/4PLTT9q+O1K6AH/vALJGw==}
    dev: false

  /entities/4.4.0:
    resolution: {integrity: sha512-oYp7156SP8LkeGD0GF85ad1X9Ai79WtRsZ2gxJqtBuzH+98YUV6jkHEKlZkMbcrjJjIVJNIDP/3WL9wQkoPbWA==}
    engines: {node: '>=0.12'}
    dev: false

  /escape-string-regexp/1.0.5:
    resolution: {integrity: sha512-vbRorB5FUQWvla16U8R/qgaFIya2qGzwDrNmCZuYKrbdSUMG6I1ZCGQRefkRVhuOkIGVne7BQ35DSfo1qvJqFg==}
    engines: {node: '>=0.8.0'}
    dev: false

  /filename-reserved-regex/2.0.0:
    resolution: {integrity: sha512-lc1bnsSr4L4Bdif8Xb/qrtokGbq5zlsms/CYH8PP+WtCkGNF65DPiQY8vG3SakEdRn8Dlnm+gW/qWKKjS5sZzQ==}
    engines: {node: '>=4'}
    dev: false

  /filenamify/4.3.0:
    resolution: {integrity: sha512-hcFKyUG57yWGAzu1CMt/dPzYZuv+jAJUT85bL8mrXvNe6hWj6yEHEc4EdcgiA6Z3oi1/9wXJdZPXF2dZNgwgOg==}
    engines: {node: '>=8'}
    dependencies:
      filename-reserved-regex: 2.0.0
      strip-outer: 1.0.1
      trim-repeated: 1.0.0
    dev: false

  /fill-range/7.0.1:
    resolution: {integrity: sha512-qOo9F+dMUmC2Lcb4BbVvnKJxTPjCm+RRpe4gDuGrzkL7mEVl/djYSu2OdQ2Pa302N4oqkSg9ir6jaLWJ2USVpQ==}
    engines: {node: '>=8'}
    dependencies:
      to-regex-range: 5.0.1
    dev: false

  /find-cache-dir/3.3.2:
    resolution: {integrity: sha512-wXZV5emFEjrridIgED11OoUKLxiYjAcqot/NJdAkOhlJ+vGzwhOAfcG5OX1jP+S0PcjEn8bdMJv+g2jwQ3Onig==}
    engines: {node: '>=8'}
    dependencies:
      commondir: 1.0.1
      make-dir: 3.1.0
      pkg-dir: 4.2.0
    dev: false

  /find-up/4.1.0:
    resolution: {integrity: sha512-PpOwAdQ/YlXQ2vj8a3h8IipDuYRi3wceVQQGYWxNINccq40Anw7BlsEXCMbt1Zt+OLA6Fq9suIpIWD0OsnISlw==}
    engines: {node: '>=8'}
    dependencies:
      locate-path: 5.0.0
      path-exists: 4.0.0
    dev: false

  /find-up/6.3.0:
    resolution: {integrity: sha512-v2ZsoEuVHYy8ZIlYqwPe/39Cy+cFDzp4dXPaxNvkEuouymu+2Jbz0PxpKarJHYJTmv2HWT3O382qY8l4jMWthw==}
    engines: {node: ^12.20.0 || ^14.13.1 || >=16.0.0}
    dependencies:
      locate-path: 7.1.1
      path-exists: 5.0.0
    dev: false

  /fs-extra/11.1.0:
    resolution: {integrity: sha512-0rcTq621PD5jM/e0a3EJoGC/1TC5ZBCERW82LQuwfGnCa1V8w7dpYH1yNu+SLb6E5dkeCBzKEyLGlFrnr+dUyw==}
    engines: {node: '>=14.14'}
    dependencies:
      graceful-fs: 4.2.10
      jsonfile: 6.1.0
      universalify: 2.0.0
    dev: false

  /fs-extra/8.1.0:
    resolution: {integrity: sha512-yhlQgA6mnOJUKOsRUFsgJdQCvkKhcz8tlZG5HBQfReYZy46OwLcY+Zia0mtdHsOo9y/hP+CxMN0TU9QxoOtG4g==}
    engines: {node: '>=6 <7 || >=8'}
    dependencies:
      graceful-fs: 4.2.10
      jsonfile: 4.0.0
      universalify: 0.1.2
    dev: false

  /fs.realpath/1.0.0:
    resolution: {integrity: sha512-OO0pH2lK6a0hZnAdau5ItzHPI6pUlvI7jMVnxUQRtw4owF2wk8lOSabtGDCTP4Ggrg2MbGnWO9X8K1t4+fGMDw==}
    dev: false

  /fsevents/2.3.2:
    resolution: {integrity: sha512-xiqMQR4xAeHTuB9uWm+fFRcIOgKBMiOBP+eXiyT7jsgVCq1bkVygt00oASowB7EdtpOHaaPgKt812P9ab+DDKA==}
    engines: {node: ^8.16.0 || ^10.6.0 || >=11.0.0}
    os: [darwin]
    requiresBuild: true
    dev: false
    optional: true

  /gh-pages/5.0.0:
    resolution: {integrity: sha512-Nqp1SjkPIB94Xw/3yYNTUL+G2dxlhjvv1zeN/4kMC1jfViTEqhtVz/Ba1zSXHuvXCN9ADNS1dN4r5/J/nZWEQQ==}
    engines: {node: '>=10'}
    hasBin: true
    dependencies:
      async: 3.2.4
      commander: 2.20.3
      email-addresses: 5.0.0
      filenamify: 4.3.0
      find-cache-dir: 3.3.2
      fs-extra: 8.1.0
      globby: 6.1.0
    dev: false

  /glob-parent/5.1.2:
    resolution: {integrity: sha512-AOIgSQCepiJYwP3ARnGx+5VnTu2HBYdzbGP45eLw1vr3zB3vZLeyed1sC9hnbcOc9/SrMyM5RPQrkGz4aS9Zow==}
    engines: {node: '>= 6'}
    dependencies:
      is-glob: 4.0.3
    dev: false

  /glob/7.2.3:
    resolution: {integrity: sha512-nFR0zLpU2YCaRxwoCJvL6UvCH2JFyFVIvwTLsIf21AuHlMskA1hhTdk+LlYJtOlYt9v6dvszD2BGRqBL+iQK9Q==}
    dependencies:
      fs.realpath: 1.0.0
      inflight: 1.0.6
      inherits: 2.0.4
      minimatch: 3.1.2
      once: 1.4.0
      path-is-absolute: 1.0.1
    dev: false

  /globby/6.1.0:
    resolution: {integrity: sha512-KVbFv2TQtbzCoxAnfD6JcHZTYCzyliEaaeM/gH8qQdkKr5s0OP9scEgvdcngyk7AVdY6YVW/TJHd+lQ/Df3Daw==}
    engines: {node: '>=0.10.0'}
    dependencies:
      array-union: 1.0.2
      glob: 7.2.3
      object-assign: 4.1.1
      pify: 2.3.0
      pinkie-promise: 2.0.1
    dev: false

  /graceful-fs/4.2.10:
    resolution: {integrity: sha512-9ByhssR2fPVsNZj478qUUbKfmL0+t5BDVyjShtyZZLiK7ZDAArFFfopyOTj0M05wE2tJPisA4iTnnXl2YoPvOA==}
    dev: false

  /html-minifier-terser/7.1.0:
    resolution: {integrity: sha512-BvPO2S7Ip0Q5qt+Y8j/27Vclj6uHC6av0TMoDn7/bJPhMWHI2UtR2e/zEgJn3/qYAmxumrGp9q4UHurL6mtW9Q==}
    engines: {node: ^14.13.1 || >=16.0.0}
    hasBin: true
    dependencies:
      camel-case: 4.1.2
      clean-css: 5.2.0
      commander: 9.5.0
      entities: 4.4.0
      param-case: 3.0.4
      relateurl: 0.2.7
      terser: 5.16.1
    dev: false

  /immutable/4.2.2:
    resolution: {integrity: sha512-fTMKDwtbvO5tldky9QZ2fMX7slR0mYpY5nbnFWYp0fOzDhHqhgIw9KoYgxLWsoNTS9ZHGauHj18DTyEw6BK3Og==}
    dev: false

  /inflight/1.0.6:
    resolution: {integrity: sha512-k92I/b08q4wvFscXCLvqfsHCrjrF7yiXsQuIVvVE7N82W3+aqpzuUdBbfhWcy/FZR3/4IgflMgKLOsvPDrGCJA==}
    dependencies:
      once: 1.4.0
      wrappy: 1.0.2
    dev: false

  /inherits/2.0.4:
    resolution: {integrity: sha512-k/vGaX4/Yla3WzyMCvTQOXYeIHvqOKtnqBduzTHpzpQZzAskKMhZ2K+EnBiSM9zGSoIFeMpXKxa4dYeZIQqewQ==}
    dev: false

  /is-binary-path/2.1.0:
    resolution: {integrity: sha512-ZMERYes6pDydyuGidse7OsHxtbI7WVeUEozgR/g7rd0xUimYNlvZRE/K2MgZTjWy725IfelLeVcEM97mmtRGXw==}
    engines: {node: '>=8'}
    dependencies:
      binary-extensions: 2.2.0
    dev: false

  /is-extglob/2.1.1:
    resolution: {integrity: sha512-SbKbANkN603Vi4jEZv49LeVJMn4yGwsbzZworEoyEiutsN3nJYdbO36zfhGJ6QEDpOZIFkDtnq5JRxmvl3jsoQ==}
    engines: {node: '>=0.10.0'}
    dev: false

  /is-glob/4.0.3:
    resolution: {integrity: sha512-xelSayHH36ZgE7ZWhli7pW34hNbNl8Ojv5KVmkJD4hBdD3th8Tfk9vYasLM+mXWOZhFkgZfxhLSnrwRr4elSSg==}
    engines: {node: '>=0.10.0'}
    dependencies:
      is-extglob: 2.1.1
    dev: false

  /is-number/7.0.0:
    resolution: {integrity: sha512-41Cifkg6e8TylSpdtTpeLVMqvSBEVzTttHvERD741+pnZ8ANv0004MRL43QKPDlK9cGvNp6NZWZUBlbGXYxxng==}
    engines: {node: '>=0.12.0'}
    dev: false

  /isexe/2.0.0:
    resolution: {integrity: sha512-RHxMLp9lnKHGHRng9QFhRCMbYAcVpn69smSGcq3f36xjgVVWThj4qqLbTLlq7Ssj8B+fIQ1EuCEGI2lKsyQeIw==}
    dev: false

  /jju/1.4.0:
    resolution: {integrity: sha512-8wb9Yw966OSxApiCt0K3yNJL8pnNeIv+OEq2YMidz4FKP6nonSRoOXc80iXY4JaN2FC11B9qsNmDsm+ZOfMROA==}
    dev: false

  /jsonc-parser/3.2.0:
    resolution: {integrity: sha512-gfFQZrcTc8CnKXp6Y4/CBT3fTc0OVuDofpre4aEeEpSBPV5X5v4+Vmx+8snU7RLPrNHPKSgLxGo9YuQzz20o+w==}
    dev: false

  /jsonfile/4.0.0:
    resolution: {integrity: sha512-m6F1R3z8jjlf2imQHS2Qez5sjKWQzbuuhuJ/FKYFRZvPE3PuHcSMVZzfsLhGVOkfd20obL5SWEBew5ShlquNxg==}
    optionalDependencies:
      graceful-fs: 4.2.10
    dev: false

  /jsonfile/6.1.0:
    resolution: {integrity: sha512-5dgndWOriYSm5cnYaJNhalLNDKOqFwyDB/rr1E9ZsGciGvKPs8R2xYGCacuf3z6K1YKDz182fd+fY3cn3pMqXQ==}
    dependencies:
      universalify: 2.0.0
    optionalDependencies:
      graceful-fs: 4.2.10
    dev: false

  /locate-path/5.0.0:
    resolution: {integrity: sha512-t7hw9pI+WvuwNJXwk5zVHpyhIqzg2qTlklJOf0mVxGSbe3Fp2VieZcduNYjaLDoy6p9uGpQEGWG87WpMKlNq8g==}
    engines: {node: '>=8'}
    dependencies:
      p-locate: 4.1.0
    dev: false

  /locate-path/7.1.1:
    resolution: {integrity: sha512-vJXaRMJgRVD3+cUZs3Mncj2mxpt5mP0EmNOsxRSZRMlbqjvxzDEOIUWXGmavo0ZC9+tNZCBLQ66reA11nbpHZg==}
    engines: {node: ^12.20.0 || ^14.13.1 || >=16.0.0}
    dependencies:
      p-locate: 6.0.0
    dev: false

  /lower-case/2.0.2:
    resolution: {integrity: sha512-7fm3l3NAF9WfN6W3JOmf5drwpVqX78JtoGJ3A6W0a6ZnldM41w2fV5D490psKFTpMds8TJse/eHLFFsNHHjHgg==}
    dependencies:
      tslib: 2.4.1
    dev: false

  /lunr/2.3.9:
    resolution: {integrity: sha512-zTU3DaZaF3Rt9rhN3uBMGQD3dD2/vFQqnvZCDv4dl5iOzq2IZQqTxu90r4E5J+nP70J3ilqVCrbho2eWaeW8Ow==}
    dev: false

  /make-dir/3.1.0:
    resolution: {integrity: sha512-g3FeP20LNwhALb/6Cz6Dd4F2ngze0jz7tbzrD2wAV+o9FeNHe4rL+yK2md0J/fiSf1sa1ADhXqi5+oVwOM/eGw==}
    engines: {node: '>=8'}
    dependencies:
      semver: 6.3.0
    dev: false

  /marked/4.2.5:
    resolution: {integrity: sha512-jPueVhumq7idETHkb203WDD4fMA3yV9emQ5vLwop58lu8bTclMghBWcYAavlDqIEMaisADinV1TooIFCfqOsYQ==}
    engines: {node: '>= 12'}
    hasBin: true
    dev: false

  /minify/9.1.0:
    resolution: {integrity: sha512-1/VsCf9hNOE5dntVUaGGVfo5s2+k6LQsZx9HR2EX5/MUiNmDr0MTFGFD56ouz3yks8vjCVTrH1wir6gTF0anhw==}
    engines: {node: '>=16'}
    hasBin: true
    dependencies:
      clean-css: 5.3.1
      css-b64-images: 0.2.5
      debug: 4.3.4
      find-up: 6.3.0
      html-minifier-terser: 7.1.0
      readjson: 2.2.2
      simport: 1.2.0
      terser: 5.16.1
      try-catch: 3.0.1
      try-to-catch: 3.0.1
    transitivePeerDependencies:
      - supports-color
    dev: false

  /minimatch/3.1.2:
    resolution: {integrity: sha512-J7p63hRiAjw1NDEww1W7i37+ByIrOWO5XQQAzZ3VOcL0PNybwpfmV/N05zFAzwQ9USyEcX6t3UO+K5aqBQOIHw==}
    dependencies:
      brace-expansion: 1.1.11
    dev: false

  /minimatch/5.1.2:
    resolution: {integrity: sha512-bNH9mmM9qsJ2X4r2Nat1B//1dJVcn3+iBLa3IgqJ7EbGaDNepL9QSHOxN4ng33s52VMMhhIfgCYDk3C4ZmlDAg==}
    engines: {node: '>=10'}
    dependencies:
      brace-expansion: 2.0.1
    dev: false

  /ms/2.1.2:
    resolution: {integrity: sha512-sGkPx+VjMtmA6MX27oA4FBFELFCZZ4S4XqeGOXCv68tT+jb3vk/RyaKWP0PTKyWtmLSM0b+adUTEvbs1PEaH2w==}
    dev: false

  /no-case/3.0.4:
    resolution: {integrity: sha512-fgAN3jGAh+RoxUGZHTSOLJIqUc2wmoBwGR4tbpNAKmmovFoWq0OdRkb0VkldReO2a2iBT/OEulG9XSUc10r3zg==}
    dependencies:
      lower-case: 2.0.2
      tslib: 2.4.1
    dev: false

  /normalize-path/3.0.0:
    resolution: {integrity: sha512-6eZs5Ls3WtCisHWp9S2GUy8dqkpGi4BVSz3GaqiE6ezub0512ESztXUwUB6C6IKbQkY2Pnb/mD4WYojCRwcwLA==}
    engines: {node: '>=0.10.0'}
    dev: false

  /object-assign/4.1.1:
    resolution: {integrity: sha512-rJgTQnkUnH1sFw8yT6VSU3zD3sWmu6sZhIseY8VX+GRu3P6F7Fu+JNDoXfklElbLJSnc3FUQHVe4cU5hj+BcUg==}
    engines: {node: '>=0.10.0'}
    dev: false

  /object-gui/2.0.2:
    resolution: {integrity: sha512-zD5Gm8T6YwjAl9EQXFjYYImFiwjT536aps5VKPRp2MiTEO/1ZujPLZwQKP9qoJfF1BK0qT9OFmnDqS4QI3+KWA==}
    dev: false

  /once/1.4.0:
    resolution: {integrity: sha512-lNaJgI+2Q5URQBkccEKHTQOPaXdUxnZZElQTZY0MFUAuaEqe1E+Nyvgdz/aIyNi6Z9MzO5dv1H8n58/GELp3+w==}
    dependencies:
      wrappy: 1.0.2
    dev: false

  /p-limit/2.3.0:
    resolution: {integrity: sha512-//88mFWSJx8lxCzwdAABTJL2MyWB12+eIY7MDL2SqLmAkeKU9qxRvWuSyTjm3FUmpBEMuFfckAIqEaVGUDxb6w==}
    engines: {node: '>=6'}
    dependencies:
      p-try: 2.2.0
    dev: false

  /p-limit/4.0.0:
    resolution: {integrity: sha512-5b0R4txpzjPWVw/cXXUResoD4hb6U/x9BH08L7nw+GN1sezDzPdxeRvpc9c433fZhBan/wusjbCsqwqm4EIBIQ==}
    engines: {node: ^12.20.0 || ^14.13.1 || >=16.0.0}
    dependencies:
      yocto-queue: 1.0.0
    dev: false

  /p-locate/4.1.0:
    resolution: {integrity: sha512-R79ZZ/0wAxKGu3oYMlz8jy/kbhsNrS7SKZ7PxEHBgJ5+F2mtFW2fK2cOtBh1cHYkQsbzFV7I+EoRKe6Yt0oK7A==}
    engines: {node: '>=8'}
    dependencies:
      p-limit: 2.3.0
    dev: false

  /p-locate/6.0.0:
    resolution: {integrity: sha512-wPrq66Llhl7/4AGC6I+cqxT07LhXvWL08LNXz1fENOw0Ap4sRZZ/gZpTTJ5jpurzzzfS2W/Ge9BY3LgLjCShcw==}
    engines: {node: ^12.20.0 || ^14.13.1 || >=16.0.0}
    dependencies:
      p-limit: 4.0.0
    dev: false

  /p-try/2.2.0:
    resolution: {integrity: sha512-R4nPAVTAU0B9D35/Gk3uJf/7XYbQcyohSKdvAxIRSNghFl4e71hVoGnBNQz9cWaXxO2I10KTC+3jMdvvoKw6dQ==}
    engines: {node: '>=6'}
    dev: false

  /param-case/3.0.4:
    resolution: {integrity: sha512-RXlj7zCYokReqWpOPH9oYivUzLYZ5vAPIfEmCTNViosC78F8F0H9y7T7gG2M39ymgutxF5gcFEsyZQSph9Bp3A==}
    dependencies:
      dot-case: 3.0.4
      tslib: 2.4.1
    dev: false

  /pascal-case/3.1.2:
    resolution: {integrity: sha512-uWlGT3YSnK9x3BQJaOdcZwrnV6hPpd8jFH1/ucpiLRPh/2zCVJKS19E4GvYHvaCcACn3foXZ0cLB9Wrx1KGe5g==}
    dependencies:
      no-case: 3.0.4
      tslib: 2.4.1
    dev: false

  /path-exists/4.0.0:
    resolution: {integrity: sha512-ak9Qy5Q7jYb2Wwcey5Fpvg2KoAc/ZIhLSLOSBmRmygPsGwkVVt0fZa0qrtMz+m6tJTAHfZQ8FnmB4MG4LWy7/w==}
    engines: {node: '>=8'}
    dev: false

  /path-exists/5.0.0:
    resolution: {integrity: sha512-RjhtfwJOxzcFmNOi6ltcbcu4Iu+FL3zEj83dk4kAS+fVpTxXLO1b38RvJgT/0QwvV/L3aY9TAnyv0EOqW4GoMQ==}
    engines: {node: ^12.20.0 || ^14.13.1 || >=16.0.0}
    dev: false

  /path-is-absolute/1.0.1:
    resolution: {integrity: sha512-AVbw3UJ2e9bq64vSaS9Am0fje1Pa8pbGqTTsmXfaIiMpnr5DlDhfJOuLj9Sf95ZPVDAUerDfEk88MPmPe7UCQg==}
    engines: {node: '>=0.10.0'}
    dev: false

  /path-key/3.1.1:
    resolution: {integrity: sha512-ojmeN0qd+y0jszEtoY48r0Peq5dwMEkIlCOu6Q5f41lfkswXuKtYrhgoTpLnyIcHm24Uhqx+5Tqm2InSwLhE6Q==}
    engines: {node: '>=8'}
    dev: false

  /picomatch/2.3.1:
    resolution: {integrity: sha512-JU3teHTNjmE2VCGFzuY8EXzCDVwEqB2a8fsIvwaStHhAWJEeVd1o1QD80CU6+ZdEXXSLbSsuLwJjkCBWqRQUVA==}
    engines: {node: '>=8.6'}
    dev: false

  /pify/2.3.0:
    resolution: {integrity: sha512-udgsAY+fTnvv7kI7aaxbqwWNb0AHiB0qBO89PZKPkoTmGOgdbrHDKD+0B2X4uTfJ/FT1R09r9gTsjUjNJotuog==}
    engines: {node: '>=0.10.0'}
    dev: false

  /pinkie-promise/2.0.1:
    resolution: {integrity: sha512-0Gni6D4UcLTbv9c57DfxDGdr41XfgUjqWZu492f0cIGr16zDU06BWP/RAEvOuo7CQ0CNjHaLlM59YJJFm3NWlw==}
    engines: {node: '>=0.10.0'}
    dependencies:
      pinkie: 2.0.4
    dev: false

  /pinkie/2.0.4:
    resolution: {integrity: sha512-MnUuEycAemtSaeFSjXKW/aroV7akBbY+Sv+RkyqFjgAe73F+MR0TBWKBRDkmfWq/HiFmdavfZ1G7h4SPZXaCSg==}
    engines: {node: '>=0.10.0'}
    dev: false

  /pkg-dir/4.2.0:
    resolution: {integrity: sha512-HRDzbaKjC+AOWVXxAU/x54COGeIv9eb+6CkDSQoNTt4XyWoIJvuPsXizxu/Fr23EiekbtZwmh1IcIG/l/a10GQ==}
    engines: {node: '>=8'}
    dependencies:
      find-up: 4.1.0
    dev: false

  /prettier/2.8.2:
    resolution: {integrity: sha512-BtRV9BcncDyI2tsuS19zzhzoxD8Dh8LiCx7j7tHzrkz8GFXAexeWFdi22mjE1d16dftH2qNaytVxqiRTGlMfpw==}
    engines: {node: '>=10.13.0'}
    hasBin: true
    dev: false

  /readdirp/3.6.0:
    resolution: {integrity: sha512-hOS089on8RduqdbhvQ5Z37A0ESjsqz6qnRcffsMU3495FuTdqSm+7bhJ29JvIOsBDEEnan5DPu9t3To9VRlMzA==}
    engines: {node: '>=8.10.0'}
    dependencies:
      picomatch: 2.3.1
    dev: false

  /readjson/2.2.2:
    resolution: {integrity: sha512-PdeC9tsmLWBiL8vMhJvocq+OezQ3HhsH2HrN7YkhfYcTjQSa/iraB15A7Qvt7Xpr0Yd2rDNt6GbFwVQDg3HcAw==}
    engines: {node: '>=10'}
    dependencies:
      jju: 1.4.0
      try-catch: 3.0.1
    dev: false

  /relateurl/0.2.7:
    resolution: {integrity: sha512-G08Dxvm4iDN3MLM0EsP62EDV9IuhXPR6blNz6Utcp7zyV3tr4HVNINt6MpaRWbxoOHT3Q7YN2P+jaHX8vUbgog==}
    engines: {node: '>= 0.10'}
    dev: false

  /rimraf/4.0.4:
    resolution: {integrity: sha512-R0hoVr9xTwemarQjoWlNt/nb5dEGVTBhVdkRmEX2zEkT8T6onH0XKiGjuaC7rNNj/gYzY2p4NVRJ3sjO1ascHQ==}
    engines: {node: '>=14'}
    hasBin: true
    dev: false

  /sass/1.57.1:
    resolution: {integrity: sha512-O2+LwLS79op7GI0xZ8fqzF7X2m/m8WFfI02dHOdsK5R2ECeS5F62zrwg/relM1rjSLy7Vd/DiMNIvPrQGsA0jw==}
    engines: {node: '>=12.0.0'}
    hasBin: true
    dependencies:
      chokidar: 3.5.3
      immutable: 4.2.2
      source-map-js: 1.0.2
    dev: false

  /semver/6.3.0:
    resolution: {integrity: sha512-b39TBaTSfV6yBrapU89p5fKekE2m/NwnDocOVruQFS1/veMgdzuPcnOM34M6CwxW8jH/lxEa5rBoDeUwu5HHTw==}
    hasBin: true
    dev: false

  /shebang-command/2.0.0:
    resolution: {integrity: sha512-kHxr2zZpYtdmrN1qDjrrX/Z1rR1kG8Dx+gkpK1G4eXmvXswmcE1hTWBWYUzlraYw1/yZp6YuDY77YtvbN0dmDA==}
    engines: {node: '>=8'}
    dependencies:
      shebang-regex: 3.0.0
    dev: false

  /shebang-regex/3.0.0:
    resolution: {integrity: sha512-7++dFhtcx3353uBaq8DDR4NuxBetBzC7ZQOhmTQInHEd6bSrXdiEyzCvG07Z44UYdLShWUyXt5M/yhz8ekcb1A==}
    engines: {node: '>=8'}
    dev: false

  /shiki/0.12.1:
    resolution: {integrity: sha512-aieaV1m349rZINEBkjxh2QbBvFFQOlgqYTNtCal82hHj4dDZ76oMlQIX+C7ryerBTDiga3e5NfH6smjdJ02BbQ==}
    dependencies:
      jsonc-parser: 3.2.0
      vscode-oniguruma: 1.7.0
      vscode-textmate: 8.0.0
    dev: false

  /simple-git/3.15.1:
    resolution: {integrity: sha512-73MVa5984t/JP4JcQt0oZlKGr42ROYWC3BcUZfuHtT3IHKPspIvL0cZBnvPXF7LL3S/qVeVHVdYYmJ3LOTw4Rg==}
    dependencies:
      '@kwsites/file-exists': 1.1.1
      '@kwsites/promise-deferred': 1.1.1
      debug: 4.3.4
    transitivePeerDependencies:
      - supports-color
    dev: false

  /simport/1.2.0:
    resolution: {integrity: sha512-85Bm7pKsqiiQ8rmYCaPDdlXZjJvuW6/k/FY8MTtLFMgU7f8S00CgTHfRtWB6KwSb6ek4p9YyG2enG1+yJbl+CA==}
    engines: {node: '>=12.2'}
    dependencies:
      readjson: 2.2.2
      try-to-catch: 3.0.1
    dev: false

  /source-map-js/1.0.2:
    resolution: {integrity: sha512-R0XvVJ9WusLiqTCEiGCmICCMplcCkIwwR11mOSD9CR5u+IXYdiseeEuXCVAjS54zqwkLcPNnmU4OeJ6tUrWhDw==}
    engines: {node: '>=0.10.0'}
    dev: false

  /source-map-support/0.5.21:
    resolution: {integrity: sha512-uBHU3L3czsIyYXKX88fdrGovxdSCoTGDRZ6SYXtSRxLZUzHg5P/66Ht6uoUlHu9EZod+inXhKo3qQgwXUT/y1w==}
    dependencies:
      buffer-from: 1.1.2
      source-map: 0.6.1
    dev: false

  /source-map/0.6.1:
    resolution: {integrity: sha512-UjgapumWlbMhkBgzT7Ykc5YXUT46F0iKu8SGXq0bcwP5dz/h0Plj6enJqjz1Zbq2l5WaqYnrVbwWOWMyF3F47g==}
    engines: {node: '>=0.10.0'}
    dev: false

  /strip-outer/1.0.1:
    resolution: {integrity: sha512-k55yxKHwaXnpYGsOzg4Vl8+tDrWylxDEpknGjhTiZB8dFRU5rTo9CAzeycivxV3s+zlTKwrs6WxMxR95n26kwg==}
    engines: {node: '>=0.10.0'}
    dependencies:
      escape-string-regexp: 1.0.5
    dev: false

  /terser/5.16.1:
    resolution: {integrity: sha512-xvQfyfA1ayT0qdK47zskQgRZeWLoOQ8JQ6mIgRGVNwZKdQMU+5FkCBjmv4QjcrTzyZquRw2FVtlJSRUmMKQslw==}
    engines: {node: '>=10'}
    hasBin: true
    dependencies:
      '@jridgewell/source-map': 0.3.2
      acorn: 8.8.1
      commander: 2.20.3
      source-map-support: 0.5.21
    dev: false

  /to-regex-range/5.0.1:
    resolution: {integrity: sha512-65P7iz6X5yEr1cwcgvQxbbIw7Uk3gOy5dIdtZ4rDveLqhrdJP+Li/Hx6tyK0NEb+2GCyneCMJiGqrADCSNk8sQ==}
    engines: {node: '>=8.0'}
    dependencies:
      is-number: 7.0.0
    dev: false

  /trim-repeated/1.0.0:
    resolution: {integrity: sha512-pkonvlKk8/ZuR0D5tLW8ljt5I8kmxp2XKymhepUeOdCEfKpZaktSArkLHZt76OB1ZvO9bssUsDty4SWhLvZpLg==}
    engines: {node: '>=0.10.0'}
    dependencies:
      escape-string-regexp: 1.0.5
    dev: false

  /try-catch/3.0.1:
    resolution: {integrity: sha512-91yfXw1rr/P6oLpHSyHDOHm0vloVvUoo9FVdw8YwY05QjJQG9OT0LUxe2VRAzmHG+0CUOmI3nhxDUMLxDN/NEQ==}
    engines: {node: '>=6'}
    dev: false

  /try-to-catch/3.0.1:
    resolution: {integrity: sha512-hOY83V84Hx/1sCzDSaJA+Xz2IIQOHRvjxzt+F0OjbQGPZ6yLPLArMA0gw/484MlfUkQbCpKYMLX3VDCAjWKfzQ==}
    engines: {node: '>=6'}
    dev: false

  /tslib/2.4.1:
    resolution: {integrity: sha512-tGyy4dAjRIEwI7BzsB0lynWgOpfqjUdq91XXAlIWD2OwKBH7oCl/GZG/HT4BOHrTlPMOASlMQ7veyTqpmRcrNA==}
    dev: false

  /tsparticles-editor/2.8.0:
    resolution: {integrity: sha512-9XAWrI7ELkdx6cXqls/CMRB81XGoEfiPoZodhLFMdyvZxSOVwdAm6WPJCdl4Ixfyh6wz2QrSv/SGIQNyCmC+kQ==}
    dependencies:
      object-gui: 2.0.2
      tsparticles-engine: 2.8.0
      tsparticles-interaction-external-attract: 2.8.0
      tsparticles-interaction-external-bounce: 2.8.0
      tsparticles-interaction-external-bubble: 2.8.0
      tsparticles-interaction-external-connect: 2.8.0
      tsparticles-interaction-external-grab: 2.8.0
      tsparticles-interaction-external-pause: 2.8.0
      tsparticles-interaction-external-push: 2.8.0
      tsparticles-interaction-external-remove: 2.8.0
      tsparticles-interaction-external-repulse: 2.8.0
      tsparticles-interaction-light: 2.8.0
      tsparticles-interaction-particles-links: 2.8.0
      tsparticles-plugin-absorbers: 2.8.0
      tsparticles-plugin-emitters: 2.8.0
      tsparticles-plugin-infection: 2.8.0
    dev: false

  /tsparticles-engine/2.8.0:
    resolution: {integrity: sha512-r0cWKxefQkQCzU+RRG/82VQnl/fAkws27EuYIOKcnHiYsWnZYcX8iPiQs/qgDajP0haBSn4Vui8UbTCAwSFniw==}
    requiresBuild: true
    dev: false

  /tsparticles-interaction-external-attract/2.8.0:
    resolution: {integrity: sha512-9M0aiVcv6KmjlYFJO7YiNHMehLGsABY0fJjI8qW0zsNVDDWw7Cc7TVdjJUyoIPimmwQtX5WFkzBxO4+bEIVyVQ==}
    dependencies:
      tsparticles-engine: 2.8.0
    dev: false

  /tsparticles-interaction-external-bounce/2.8.0:
    resolution: {integrity: sha512-6cMXiLxd7rb64kuOrlIzROnVWZwtfyl5imnH+9WpBeH5MAZF98XQnVZ09jfEByEmIg76yimQz2M4v10WCGG+dg==}
    dependencies:
      tsparticles-engine: 2.8.0
    dev: false

  /tsparticles-interaction-external-bubble/2.8.0:
    resolution: {integrity: sha512-raz+PMzxhXO3j/DBIP69jwfIrJpCP0CR1wdczzDd2lpMFpAgI9VuGkIMmH/9/sbDbjRtYWzRsHWIikdkud8W1Q==}
    dependencies:
      tsparticles-engine: 2.8.0
    dev: false

  /tsparticles-interaction-external-connect/2.8.0:
    resolution: {integrity: sha512-h21JkfP2VWPntkB0Cpu05JC5xRVDEyKmGIxHbBkTTRdI4AyUN9an9LXK6rlOsNB/FDK8hN4qaLuu/szUnf14ng==}
    dependencies:
      tsparticles-engine: 2.8.0
    dev: false

  /tsparticles-interaction-external-grab/2.8.0:
    resolution: {integrity: sha512-V5LzHDCRx5KEYXUe6UKmc2sv+zPsg0ruzBaH4mjWW/KXZGofuCewF7v00GopPEMZJiq3kf24ERIu2XAnUxo9+g==}
    dependencies:
      tsparticles-engine: 2.8.0
    dev: false

  /tsparticles-interaction-external-pause/2.8.0:
    resolution: {integrity: sha512-Y67sb2TRa0UGp9e5eJhEpwE9pXj+Fxc6D4bUHzmaubOM01HYBE/GsOLF0wH3JUUpkkSOCc4elXYpU8sN0N8zqQ==}
    dependencies:
      tsparticles-engine: 2.8.0
    dev: false

  /tsparticles-interaction-external-push/2.8.0:
    resolution: {integrity: sha512-2IdfoQ/vIbK5XtwVq/s8MZKOckJJHx6ndGCrbvcJcrqecnIdJmbu+jIos7pilyHTDZQ/euN5O8zPpNU1xrow4g==}
    dependencies:
      tsparticles-engine: 2.8.0
    dev: false

  /tsparticles-interaction-external-remove/2.8.0:
    resolution: {integrity: sha512-KkAdvevH5VHU0xJhyhsZ3Jq4I2qYA0U1EpDpuuHjnuRfs2nc7eVx/SFQ6RfEEuST0sOR1B8RNlvB6g1XKqcXXw==}
    dependencies:
      tsparticles-engine: 2.8.0
    dev: false

  /tsparticles-interaction-external-repulse/2.8.0:
    resolution: {integrity: sha512-N2MnXhKZMDV3oIHuLs6yWxsNf018E2tk7+N+8wAd4cMGfB5kr3ygulCFrzQFxmRvAcl+pb+jwCOzLzE0Hq/fNw==}
    dependencies:
      tsparticles-engine: 2.8.0
    dev: false

  /tsparticles-interaction-external-slow/2.8.0:
    resolution: {integrity: sha512-jzhShoTTtlxuhtGzEmjChP1kfnh4H7NNYkq3d61sI3culNIBVxjD67cMl9PMEe/0kqXoQb6E28O6Ncxk+lSrRw==}
    dependencies:
      tsparticles-engine: 2.8.0
    dev: false

  /tsparticles-interaction-external-trail/2.8.0:
    resolution: {integrity: sha512-fmRdju4Wk8r2Xkye47vqHCl220cEHVvsM/ao99+XV+22XilETnnjRcE+s0bTspHTmmWCjtfejYW0qMNgPnYIdA==}
    dependencies:
      tsparticles-engine: 2.8.0
    dev: false

  /tsparticles-interaction-light/2.8.0:
    resolution: {integrity: sha512-veARMR4pZVnwylplUyhjO1+Iixwd8jGBmKoq+tvLTQfJoDGrlCBGgEupueSgdgeCDhNUQ2Fr4HYW1ICxCI1N9g==}
    dependencies:
      tsparticles-engine: 2.8.0
    dev: false

  /tsparticles-interaction-particles-attract/2.8.0:
    resolution: {integrity: sha512-iF+jLdfReruIehkJfvopjAwOKESjb6OrNhoXhLoFR0a75/9LLu9/jhTEYWGUfagfcsHHT/jdbm0upn4kYRgYVQ==}
    dependencies:
      tsparticles-engine: 2.8.0
    dev: false

  /tsparticles-interaction-particles-collisions/2.8.0:
    resolution: {integrity: sha512-jOpuYtXuwbpWhtiwQ2XqcW40gMeznsJnBaU9SpjiB/MVOgY+YNHO+1iu+Oi4teZx5lxkiI1n5gxSj6m4ngK+5Q==}
    dependencies:
      tsparticles-engine: 2.8.0
    dev: false

  /tsparticles-interaction-particles-links/2.8.0:
    resolution: {integrity: sha512-f1kFbghNryC0avW8yUJyfkLOaulcJu2o4zfGuvqVt4U6iSyg3CAMyTIUR1BYrDFM2ij1gBEerdWo/QkpEZYS3w==}
    dependencies:
      tsparticles-engine: 2.8.0
    dev: false

  /tsparticles-move-base/2.8.0:
    resolution: {integrity: sha512-+LA6sJ429gvPsto6iX8Xf2WK13FDcdAgjU5jKmSXqFouAdFfiClj+QM0jjnAS4LT5UYjter6twrjwFawXctj0w==}
    dependencies:
      tsparticles-engine: 2.8.0
    dev: false

  /tsparticles-move-parallax/2.8.0:
    resolution: {integrity: sha512-1NZAQmTIMILvNDXF8l8wRcn3U5pM1Y9rk/zARzIVuIQ/EwSlSf21jqY/Koye11fjMwNB6AchEwEK2b1+76tsKQ==}
    dependencies:
      tsparticles-engine: 2.8.0
    dev: false

  /tsparticles-particles.js/2.8.0:
    resolution: {integrity: sha512-jYAhWIlKkN6oBRROmeYCUTDF1roomVT1HtPpDFMzIXyVQo1t4Y90b0/Z/tw+FZpDd5KsVx95VWmogDCmyBGJww==}
    dependencies:
      tsparticles-engine: 2.8.0
    dev: false

  /tsparticles-plugin-absorbers/2.8.0:
    resolution: {integrity: sha512-9P7yth/UDwYM8N93qBL6eLfM3u3YlJr0SDuYGfWvJmRwdLpZAImYFPBjPUgo8y95lRw43WoBj1JHD0nJLfvaZw==}
    dependencies:
      tsparticles-engine: 2.8.0
    dev: false

  /tsparticles-plugin-easing-quad/2.8.0:
    resolution: {integrity: sha512-c0DoFzaYUrCcrybzTUJjhuBKaiyvpeIr3BzDBrLsOBJowXx7GShsIfQxlsSQGHQu4UaIqIkPhXrWAoLr1jE8XQ==}
    dependencies:
      tsparticles-engine: 2.8.0
    dev: false

  /tsparticles-plugin-emitters/2.8.0:
    resolution: {integrity: sha512-3my+DcdQvf47j2XsUy2QRabb5vR/UIcqtzGNazNI9W0WdVUDCUF8vlhBkNji/D2jiUpCuKozzy3lb5uAFFCeYw==}
    dependencies:
      tsparticles-engine: 2.8.0
    dev: false

  /tsparticles-plugin-infection/2.8.0:
    resolution: {integrity: sha512-RkSrxNfm5wvwhNLJRjadWXauDG3fENGbcnjYteVhyZ7IVfHw4ONsF06pZLhuANpdIv3HuNHQMvWkcexujXBamA==}
    dependencies:
      tsparticles-engine: 2.8.0
    dev: false

  /tsparticles-preset-links/2.8.0:
    resolution: {integrity: sha512-NSUPcOumIbbPSdIZ26i0hsFGSCfDtl2JLZZJxc05sR6QxM/zbPUh6gFyD7/QODRXl4ub9g3NkY96Ovmms8hQtw==}
    dependencies:
      tsparticles-engine: 2.8.0
      tsparticles-interaction-particles-links: 2.8.0
      tsparticles-move-base: 2.8.0
      tsparticles-shape-circle: 2.8.0
      tsparticles-updater-color: 2.8.0
      tsparticles-updater-opacity: 2.8.0
      tsparticles-updater-out-modes: 2.8.0
      tsparticles-updater-size: 2.8.0
    dev: false

  /tsparticles-shape-circle/2.8.0:
    resolution: {integrity: sha512-mjBPnTakFZliBh9BZXtvHMjDR5CVst172XtypoMEwhqncal4Mp9rVAmGd43ctekQ/O45WB/2NykaGGLBkq4h7A==}
    dependencies:
      tsparticles-engine: 2.8.0
    dev: false

  /tsparticles-shape-image/2.8.0:
    resolution: {integrity: sha512-59uB2jjq5KizzdB2PeL/TYsnezSgTM3dEtklgZoNPj3PsZnd8s/H3U5h3t7KrD2WurO1qktllbjf08FeQA6dJg==}
    dependencies:
      tsparticles-engine: 2.8.0
    dev: false

  /tsparticles-shape-line/2.8.0:
    resolution: {integrity: sha512-jDLtFNk9LL/Zqh5NM2ttMVoT3dmrAev91g8cVCgyFEFqq59zbOblWpF9sdr7A8c6H9w+Exm+aToB5TI/led/uA==}
    dependencies:
      tsparticles-engine: 2.8.0
    dev: false

  /tsparticles-shape-polygon/2.8.0:
    resolution: {integrity: sha512-ZnWks0m1Cp1594s4NcD5oxRavLxVqBy21UoTzYEg/Ee9o0hm9GbRPNmYbh0/WeAs5xqlfHPADKP7qnt8ReiTpw==}
    dependencies:
      tsparticles-engine: 2.8.0
    dev: false

  /tsparticles-shape-square/2.8.0:
    resolution: {integrity: sha512-CRb3f19mybOQt2NvHytvAYfNOfQ3yQOTWQp/4xv+w/oRcVybYRHdhhcziDQ7VXtwHob0m8PbhDo4RnMZQb4/Eg==}
    dependencies:
      tsparticles-engine: 2.8.0
    dev: false

  /tsparticles-shape-star/2.8.0:
    resolution: {integrity: sha512-Or8GIozZPx0J83cfHX3923/bHsQr6wqif6jMAm1922Dp00Ycx3RgRMo2Jcj25j17VGEfBtLyT6l0/H5WJarYvQ==}
    dependencies:
      tsparticles-engine: 2.8.0
    dev: false

  /tsparticles-shape-text/2.8.0:
    resolution: {integrity: sha512-02h0fjGQ0LIzjiBG6hbcUqkntyIXzuFzPbi2d0EwXFLYdoMSR/EGr58vW7Mbq31ferDGN+mG2che2sqEsV8ZUw==}
    dependencies:
      tsparticles-engine: 2.8.0
    dev: false

  /tsparticles-slim/2.8.0:
    resolution: {integrity: sha512-Ev9AIxxBvjzHgGLYaZNBtZsIRGEGef5CRD5KKVTUzDFCCuxwSw9UMdRFXSYpykdQw7+8Zp0yroTHJ/yW9+9Apw==}
    dependencies:
      tsparticles-engine: 2.8.0
      tsparticles-interaction-external-attract: 2.8.0
      tsparticles-interaction-external-bounce: 2.8.0
      tsparticles-interaction-external-bubble: 2.8.0
      tsparticles-interaction-external-connect: 2.8.0
      tsparticles-interaction-external-grab: 2.8.0
      tsparticles-interaction-external-pause: 2.8.0
      tsparticles-interaction-external-push: 2.8.0
      tsparticles-interaction-external-remove: 2.8.0
      tsparticles-interaction-external-repulse: 2.8.0
      tsparticles-interaction-external-slow: 2.8.0
      tsparticles-interaction-particles-attract: 2.8.0
      tsparticles-interaction-particles-collisions: 2.8.0
      tsparticles-interaction-particles-links: 2.8.0
      tsparticles-move-base: 2.8.0
      tsparticles-move-parallax: 2.8.0
      tsparticles-particles.js: 2.8.0
      tsparticles-plugin-easing-quad: 2.8.0
      tsparticles-shape-circle: 2.8.0
      tsparticles-shape-image: 2.8.0
      tsparticles-shape-line: 2.8.0
      tsparticles-shape-polygon: 2.8.0
      tsparticles-shape-square: 2.8.0
      tsparticles-shape-star: 2.8.0
      tsparticles-shape-text: 2.8.0
      tsparticles-updater-angle: 2.8.0
      tsparticles-updater-color: 2.8.0
      tsparticles-updater-life: 2.8.0
      tsparticles-updater-opacity: 2.8.0
      tsparticles-updater-out-modes: 2.8.0
      tsparticles-updater-size: 2.8.0
      tsparticles-updater-stroke-color: 2.8.0
    dev: false

  /tsparticles-updater-angle/2.8.0:
    resolution: {integrity: sha512-MjBoTiUcdn2or9E5+zvrZmiRGlt1AtWenNCCLF1CKEAwLGPFZukJEFcXiH8iMyb4rNKAz8rHM/Em48DjkQGFwg==}
    dependencies:
      tsparticles-engine: 2.8.0
    dev: false

  /tsparticles-updater-color/2.8.0:
    resolution: {integrity: sha512-L++4ZYabHzqEQlElSZ6dGAxGJKYeAjRB1YoQVKMJVDots0b9EMpT14s0ihpte/tsYE+cmHeoE5UTPm6FmeAZ4Q==}
    dependencies:
      tsparticles-engine: 2.8.0
    dev: false

  /tsparticles-updater-destroy/2.8.0:
    resolution: {integrity: sha512-dFaPww0wBNEW4DzRIG883eFVrvV3FD7HsUF2M4UCtLpspRAwpVWuypTFoPhZXg9At8Tjh5ynWHZMx8tUzWHFYQ==}
    dependencies:
      tsparticles-engine: 2.8.0
    dev: false

  /tsparticles-updater-life/2.8.0:
    resolution: {integrity: sha512-6v/RUmp7UkxqfAgAs4Iz0O9dUVjRjUpFkIvYa8n1sFRgj58k/7jlGPraIhzFRJ/OVC1pT1ev7c4oBDM0KK0QbA==}
    dependencies:
      tsparticles-engine: 2.8.0
    dev: false

  /tsparticles-updater-opacity/2.8.0:
    resolution: {integrity: sha512-L5SQ9k/sH7hzOWqAzxckfSc096kaQeYe3aFKm8WJ8RhCV71rQle381roRhq9qtWfFS//2X+tzcjRDLhhR0jOmg==}
    dependencies:
      tsparticles-engine: 2.8.0
    dev: false

  /tsparticles-updater-out-modes/2.8.0:
    resolution: {integrity: sha512-BWJKfCXYMmNbtaq3i2iYFppVeKAb2sAWa5r88uius9nwL4gx1XDFW72m6Sy2f6s9n2r5uhTkMyXNHUeUskJnag==}
    dependencies:
      tsparticles-engine: 2.8.0
    dev: false

  /tsparticles-updater-roll/2.8.0:
    resolution: {integrity: sha512-+I51iWIrcIC1hl5mZL815QDy3VPymlIcK5Dj5SkizVYHSDYiW6aSeSXwdhyJg27Vh+QRbkSGUL0/5+QV8NUsWQ==}
    dependencies:
      tsparticles-engine: 2.8.0
    dev: false

  /tsparticles-updater-size/2.8.0:
    resolution: {integrity: sha512-QnbRObqu3jh2TsblKqfgWlvh9Zt65yoBnGBKdE0ZM3fYF2UCUud8NEqXMd+SoYSHOi78nwRPndrssHCQNh8tqg==}
    dependencies:
      tsparticles-engine: 2.8.0
    dev: false

  /tsparticles-updater-stroke-color/2.8.0:
    resolution: {integrity: sha512-wihEW5nPfMkqY0H2lxdTxjp7PcdLiJbVVIS43cvUz6bx239BvFv0ZsxNEfh/MNxtzj1Y7fRXhzoc5De02liOJA==}
    dependencies:
      tsparticles-engine: 2.8.0
    dev: false

  /tsparticles-updater-tilt/2.8.0:
    resolution: {integrity: sha512-398ANj2ms9EPHyCqDmP8LNDBvw92vNP07nTt33hQvaFpAgi9u2gH70LgxTdCJil0+mPzW4602fPTD3WyfPCwPA==}
    dependencies:
      tsparticles-engine: 2.8.0
    dev: false

  /tsparticles-updater-twinkle/2.8.0:
    resolution: {integrity: sha512-FL55hmZZ/bC4Ou8l8He3bK1rm3PXtjOCdEMpkktzKDcu/WAZ0tZGPNllFKOi1FZ5KovqVLDg42dJzPmGOpoXzg==}
    dependencies:
      tsparticles-engine: 2.8.0
    dev: false

  /tsparticles-updater-wobble/2.8.0:
    resolution: {integrity: sha512-aDQKFKypW+jz8pH0KK5C03/bvkCGStCxBn7Dc9qkVPmtnzyA7+0lRjvYQrTEliq2d1pm67oixmwvskX0jbzdSw==}
    dependencies:
      tsparticles-engine: 2.8.0
    dev: false

  /tsparticles/2.8.0:
    resolution: {integrity: sha512-TgIdmPU/leNK68n2dgu+lRsC3At0pbP0xP3SU9gLkMyJxXHlsvtTsFafR2q9PlD1FoAPxkBMBTwspysagCeFdA==}
    dependencies:
      tsparticles-engine: 2.8.0
      tsparticles-interaction-external-trail: 2.8.0
      tsparticles-plugin-absorbers: 2.8.0
      tsparticles-plugin-emitters: 2.8.0
      tsparticles-slim: 2.8.0
      tsparticles-updater-destroy: 2.8.0
      tsparticles-updater-roll: 2.8.0
      tsparticles-updater-tilt: 2.8.0
      tsparticles-updater-twinkle: 2.8.0
      tsparticles-updater-wobble: 2.8.0
    dev: false

  /typedoc-plugin-carbon-ads/1.1.6_typedoc@0.23.24:
    resolution: {integrity: sha512-yIh6SVDKD1NJZyQL6gKJC0nh6PtQeHfgRJtjhxM0E5We+I1RN1fAiXqWDljbdauHxco6kqMMjmkuTEku7KeEMA==}
    peerDependencies:
      typedoc: ^0.23.9
    dependencies:
      typedoc: 0.23.24_typescript@5.0.2
      typescript: 4.9.4
    dev: false

  /typedoc-plugin-clarity/1.1.0_typedoc@0.23.24:
    resolution: {integrity: sha512-2kSTTdit/5RX/CMbPMhg8iy3i5NLGdGUpNsPrWN0+eWT3Yy08/odV/BrUvksKH9QGLQF7QddTP3xiO1m983c1g==}
    peerDependencies:
      typedoc: ^0.23.5
    dependencies:
      typedoc: 0.23.24_typescript@5.0.2
      typescript: 4.9.4
    dev: false

  /typedoc-plugin-coverage/2.0.0_typedoc@0.23.24:
    resolution: {integrity: sha512-IJsYW0SvV2RUWfUBWuCG2cXTv+FiPDlls9+JlUlct3N41c1hV01ZOLKmZpEVelrvNSU3SnxxA8mkct3BQm2v0g==}
    engines: {node: '>= 14'}
    peerDependencies:
      typedoc: ^0.22.12 || 0.23.x
    dependencies:
      typedoc: 0.23.24_typescript@5.0.2
    dev: false

  /typedoc-plugin-keyword/1.1.0_typedoc@0.23.24:
    resolution: {integrity: sha512-W5STr1fsNievGDzkIioBpRyKzszx3vfTr8ZDJnaWViXnSsfz2mHpddm61EWtbzGtOxErq/UWLVXs5OxbpbN3ew==}
    peerDependencies:
      typedoc: ^0.23.5
    dependencies:
      typedoc: 0.23.24_typescript@5.0.2
      typescript: 4.9.4
    dev: false

  /typedoc-plugin-missing-exports/1.0.0_typedoc@0.23.24:
    resolution: {integrity: sha512-7s6znXnuAj1eD9KYPyzVzR1lBF5nwAY8IKccP5sdoO9crG4lpd16RoFpLsh2PccJM+I2NASpr0+/NMka6ThwVA==}
    peerDependencies:
      typedoc: 0.22.x || 0.23.x
    dependencies:
      typedoc: 0.23.24_typescript@5.0.2
    dev: false

  /typedoc/0.23.24_typescript@5.0.2:
    resolution: {integrity: sha512-bfmy8lNQh+WrPYcJbtjQ6JEEsVl/ce1ZIXyXhyW+a1vFrjO39t6J8sL/d6FfAGrJTc7McCXgk9AanYBSNvLdIA==}
    engines: {node: '>= 14.14'}
    hasBin: true
    peerDependencies:
      typescript: 4.6.x || 4.7.x || 4.8.x || 4.9.x
    dependencies:
      lunr: 2.3.9
      marked: 4.2.5
      minimatch: 5.1.2
      shiki: 0.12.1
      typescript: 5.0.2
    dev: false

  /typescript/4.9.4:
    resolution: {integrity: sha512-Uz+dTXYzxXXbsFpM86Wh3dKCxrQqUcVMxwU54orwlJjOpO3ao8L7j5lH+dWfTwgCwIuM9GQ2kvVotzYJMXTBZg==}
    engines: {node: '>=4.2.0'}
    hasBin: true
    dev: false

  /typescript/5.0.2:
    resolution: {integrity: sha512-wVORMBGO/FAs/++blGNeAVdbNKtIh1rbBL2EyQ1+J9lClJ93KiiKe8PmFIVdXhHcyv44SL9oglmfeSsndo0jRw==}
    engines: {node: '>=12.20'}
    hasBin: true
    dev: false

  /universalify/0.1.2:
    resolution: {integrity: sha512-rBJeI5CXAlmy1pV+617WB9J63U6XcazHHF2f2dbJix4XzpUF0RS3Zbj0FGIOCAva5P/d/GBOYaACQ1w+0azUkg==}
    engines: {node: '>= 4.0.0'}
    dev: false

  /universalify/2.0.0:
    resolution: {integrity: sha512-hAZsKq7Yy11Zu1DE0OzWjw7nnLZmJZYTDZZyEFHZdUhV8FkH5MCfoU1XMaxXovpyW5nq5scPqq0ZDP9Zyl04oQ==}
    engines: {node: '>= 10.0.0'}
    dev: false

  /vscode-oniguruma/1.7.0:
    resolution: {integrity: sha512-L9WMGRfrjOhgHSdOYgCt/yRMsXzLDJSL7BPrOZt73gU0iWO4mpqzqQzOz5srxqTvMBaR0XZTSrVWo4j55Rc6cA==}
    dev: false

  /vscode-textmate/8.0.0:
    resolution: {integrity: sha512-AFbieoL7a5LMqcnOF04ji+rpXadgOXnZsxQr//r83kLPr7biP7am3g9zbaZIaBGwBRWeSvoMD4mgPdX3e4NWBg==}
    dev: false

  /which/2.0.2:
    resolution: {integrity: sha512-BLI3Tl1TW3Pvl70l3yq3Y64i+awpwXqsGBYWkkqMtnbXgrMD+yj7rhW0kuEDxzJaYXGjEW5ogapKNMEKNMjibA==}
    engines: {node: '>= 8'}
    hasBin: true
    dependencies:
      isexe: 2.0.0
    dev: false

  /wrappy/1.0.2:
    resolution: {integrity: sha512-l4Sp/DRseor9wL6EvV2+TuQn63dMkPjZ/sp9XkghTEbV9KlPS1xUsZ3u7/IQO4wxtcFB4bgpQPRcR3QCvezPcQ==}
    dev: false

  /yocto-queue/1.0.0:
    resolution: {integrity: sha512-9bnSc/HEW2uRy67wc+T8UwauLuPJVn28jb+GtJY16iiKWyvmYJRXVT4UamsAEGQfPohgr2q4Tq0sQbQlxTfi1g==}
    engines: {node: '>=12.20'}
    dev: false
